
Microsoft Visual Studio Solution File, Format Version 12.00
# Visual Studio Version 17
VisualStudioVersion = 17.9.34728.123
MinimumVisualStudioVersion = 10.0.40219.1
Project("{9A19103F-16F7-4668-BE54-9A1E7A4F7556}") = "GraphicsPackage", "GraphicsPackage\GraphicsPackage.csproj", "{8845F61D-5046-4F00-BB6F-FA3072990E9F}"
EndProject
Project("{FAE04EC0-301F-11D3-BF4B-00C04F79EFBC}") = "GraphicsPackageGUI", "GraphicsPackageGUI\GraphicsPackageGUI.csproj", "{06BD3AAE-AD0A-4592-B1EC-16B3BA98F8AD}"
EndProject
Global
	GlobalSection(SolutionConfigurationPlatforms) = preSolution
		Debug|Any CPU = Debug|Any CPU
		Release|Any CPU = Release|Any CPU
	EndGlobalSection
	GlobalSection(ProjectConfigurationPlatforms) = postSolution
		{8845F61D-5046-4F00-BB6F-FA3072990E9F}.Debug|Any CPU.ActiveCfg = Debug|Any CPU
		{8845F61D-5046-4F00-BB6F-FA3072990E9F}.Debug|Any CPU.Build.0 = Debug|Any CPU
		{8845F61D-5046-4F00-BB6F-FA3072990E9F}.Release|Any CPU.ActiveCfg = Release|Any CPU
		{8845F61D-5046-4F00-BB6F-FA3072990E9F}.Release|Any CPU.Build.0 = Release|Any CPU
		{06BD3AAE-AD0A-4592-B1EC-16B3BA98F8AD}.Debug|Any CPU.ActiveCfg = Debug|Any CPU
		{06BD3AAE-AD0A-4592-B1EC-16B3BA98F8AD}.Debug|Any CPU.Build.0 = Debug|Any CPU
		{06BD3AAE-AD0A-4592-B1EC-16B3BA98F8AD}.Release|Any CPU.ActiveCfg = Release|Any CPU
		{06BD3AAE-AD0A-4592-B1EC-16B3BA98F8AD}.Release|Any CPU.Build.0 = Release|Any CPU
	EndGlobalSection
	GlobalSection(SolutionProperties) = preSolution
		HideSolutionNode = FALSE
	EndGlobalSection
	GlobalSection(ExtensibilityGlobals) = postSolution
		SolutionGuid = {2B0B4F37-5C31-4AD6-B96C-D2851AC9C575}
	EndGlobalSection
EndGlobal
